// !$*UTF8*$!
{
	archiveVersion = 1;
	classes = {
	};
	objectVersion = 46;
	objects = {

/* Begin PBXBuildFile section */
		6420C9C81C53B36A004B4D7B /* AppDelegate.swift in Sources */ = {isa = PBXBuildFile; fileRef = 6420C9C71C53B36A004B4D7B /* AppDelegate.swift */; };
		6420C9CA1C53B36A004B4D7B /* TravelLocationsMapViewController.swift in Sources */ = {isa = PBXBuildFile; fileRef = 6420C9C91C53B36A004B4D7B /* TravelLocationsMapViewController.swift */; };
		6420C9CD1C53B36A004B4D7B /* Main.storyboard in Resources */ = {isa = PBXBuildFile; fileRef = 6420C9CB1C53B36A004B4D7B /* Main.storyboard */; };
		6420C9D01C53B36A004B4D7B /* Virtual_Tourist.xcdatamodeld in Sources */ = {isa = PBXBuildFile; fileRef = 6420C9CE1C53B36A004B4D7B /* Virtual_Tourist.xcdatamodeld */; };
		6420C9D21C53B36A004B4D7B /* Assets.xcassets in Resources */ = {isa = PBXBuildFile; fileRef = 6420C9D11C53B36A004B4D7B /* Assets.xcassets */; };
		6420C9D51C53B36A004B4D7B /* LaunchScreen.storyboard in Resources */ = {isa = PBXBuildFile; fileRef = 6420C9D31C53B36A004B4D7B /* LaunchScreen.storyboard */; };
		6420C9E21C53B9F7004B4D7B /* PhotoAlbumViewController.swift in Sources */ = {isa = PBXBuildFile; fileRef = 6420C9E11C53B9F7004B4D7B /* PhotoAlbumViewController.swift */; };
		6420C9E41C53BB06004B4D7B /* TravelLocationsMapContractView.swift in Sources */ = {isa = PBXBuildFile; fileRef = 6420C9E31C53BB06004B4D7B /* TravelLocationsMapContractView.swift */; };
		6420C9E81C53BB45004B4D7B /* TravelLocationsMapContractPresenter.swift in Sources */ = {isa = PBXBuildFile; fileRef = 6420C9E71C53BB45004B4D7B /* TravelLocationsMapContractPresenter.swift */; };
		6420C9EA1C53BB69004B4D7B /* TravelLocationsMapPresenter.swift in Sources */ = {isa = PBXBuildFile; fileRef = 6420C9E91C53BB69004B4D7B /* TravelLocationsMapPresenter.swift */; };
		6420C9EC1C53BB9F004B4D7B /* PhotoAlbumContractView.swift in Sources */ = {isa = PBXBuildFile; fileRef = 6420C9EB1C53BB9F004B4D7B /* PhotoAlbumContractView.swift */; };
		6420C9EE1C53BBB6004B4D7B /* PhotoAlbumContractPresenter.swift in Sources */ = {isa = PBXBuildFile; fileRef = 6420C9ED1C53BBB6004B4D7B /* PhotoAlbumContractPresenter.swift */; };
		6420C9F01C53BBC7004B4D7B /* PhotoAlbumPresenter.swift in Sources */ = {isa = PBXBuildFile; fileRef = 6420C9EF1C53BBC7004B4D7B /* PhotoAlbumPresenter.swift */; };
/* End PBXBuildFile section */

/* Begin PBXFileReference section */
		6420C9C41C53B36A004B4D7B /* Virtual Tourist.app */ = {isa = PBXFileReference; explicitFileType = wrapper.application; includeInIndex = 0; path = "Virtual Tourist.app"; sourceTree = BUILT_PRODUCTS_DIR; };
		6420C9C71C53B36A004B4D7B /* AppDelegate.swift */ = {isa = PBXFileReference; lastKnownFileType = sourcecode.swift; path = AppDelegate.swift; sourceTree = "<group>"; };
		6420C9C91C53B36A004B4D7B /* TravelLocationsMapViewController.swift */ = {isa = PBXFileReference; lastKnownFileType = sourcecode.swift; path = TravelLocationsMapViewController.swift; sourceTree = "<group>"; };
		6420C9CC1C53B36A004B4D7B /* Base */ = {isa = PBXFileReference; lastKnownFileType = file.storyboard; name = Base; path = Base.lproj/Main.storyboard; sourceTree = "<group>"; };
		6420C9CF1C53B36A004B4D7B /* Virtual_Tourist.xcdatamodel */ = {isa = PBXFileReference; lastKnownFileType = wrapper.xcdatamodel; path = Virtual_Tourist.xcdatamodel; sourceTree = "<group>"; };
		6420C9D11C53B36A004B4D7B /* Assets.xcassets */ = {isa = PBXFileReference; lastKnownFileType = folder.assetcatalog; path = Assets.xcassets; sourceTree = "<group>"; };
		6420C9D41C53B36A004B4D7B /* Base */ = {isa = PBXFileReference; lastKnownFileType = file.storyboard; name = Base; path = Base.lproj/LaunchScreen.storyboard; sourceTree = "<group>"; };
		6420C9D61C53B36A004B4D7B /* Info.plist */ = {isa = PBXFileReference; lastKnownFileType = text.plist.xml; path = Info.plist; sourceTree = "<group>"; };
		6420C9E11C53B9F7004B4D7B /* PhotoAlbumViewController.swift */ = {isa = PBXFileReference; fileEncoding = 4; lastKnownFileType = sourcecode.swift; path = PhotoAlbumViewController.swift; sourceTree = "<group>"; };
		6420C9E31C53BB06004B4D7B /* TravelLocationsMapContractView.swift */ = {isa = PBXFileReference; fileEncoding = 4; lastKnownFileType = sourcecode.swift; path = TravelLocationsMapContractView.swift; sourceTree = "<group>"; };
		6420C9E71C53BB45004B4D7B /* TravelLocationsMapContractPresenter.swift */ = {isa = PBXFileReference; fileEncoding = 4; lastKnownFileType = sourcecode.swift; path = TravelLocationsMapContractPresenter.swift; sourceTree = "<group>"; };
		6420C9E91C53BB69004B4D7B /* TravelLocationsMapPresenter.swift */ = {isa = PBXFileReference; fileEncoding = 4; lastKnownFileType = sourcecode.swift; path = TravelLocationsMapPresenter.swift; sourceTree = "<group>"; };
		6420C9EB1C53BB9F004B4D7B /* PhotoAlbumContractView.swift */ = {isa = PBXFileReference; fileEncoding = 4; lastKnownFileType = sourcecode.swift; path = PhotoAlbumContractView.swift; sourceTree = "<group>"; };
		6420C9ED1C53BBB6004B4D7B /* PhotoAlbumContractPresenter.swift */ = {isa = PBXFileReference; fileEncoding = 4; lastKnownFileType = sourcecode.swift; path = PhotoAlbumContractPresenter.swift; sourceTree = "<group>"; };
		6420C9EF1C53BBC7004B4D7B /* PhotoAlbumPresenter.swift */ = {isa = PBXFileReference; fileEncoding = 4; lastKnownFileType = sourcecode.swift; path = PhotoAlbumPresenter.swift; sourceTree = "<group>"; };
/* End PBXFileReference section */

/* Begin PBXFrameworksBuildPhase section */
		6420C9C11C53B36A004B4D7B /* Frameworks */ = {
			isa = PBXFrameworksBuildPhase;
			buildActionMask = 2147483647;
			files = (
			);
			runOnlyForDeploymentPostprocessing = 0;
		};
/* End PBXFrameworksBuildPhase section */

/* Begin PBXGroup section */
		6420C9BB1C53B36A004B4D7B = {
			isa = PBXGroup;
			children = (
				6420C9C61C53B36A004B4D7B /* Virtual Tourist */,
				6420C9C51C53B36A004B4D7B /* Products */,
			);
			sourceTree = "<group>";
		};
		6420C9C51C53B36A004B4D7B /* Products */ = {
			isa = PBXGroup;
			children = (
				6420C9C41C53B36A004B4D7B /* Virtual Tourist.app */,
			);
			name = Products;
			sourceTree = "<group>";
		};
		6420C9C61C53B36A004B4D7B /* Virtual Tourist */ = {
			isa = PBXGroup;
			children = (
				6420C9DE1C53B8CF004B4D7B /* Managers */,
				6420C9DD1C53B8C7004B4D7B /* Models */,
				6420C9DC1C53B8BB004B4D7B /* UI */,
				6420C9C71C53B36A004B4D7B /* AppDelegate.swift */,
				6420C9CB1C53B36A004B4D7B /* Main.storyboard */,
				6420C9D11C53B36A004B4D7B /* Assets.xcassets */,
				6420C9D31C53B36A004B4D7B /* LaunchScreen.storyboard */,
				6420C9D61C53B36A004B4D7B /* Info.plist */,
				6420C9CE1C53B36A004B4D7B /* Virtual_Tourist.xcdatamodeld */,
			);
			path = "Virtual Tourist";
			sourceTree = "<group>";
		};
		6420C9DC1C53B8BB004B4D7B /* UI */ = {
			isa = PBXGroup;
			children = (
				6420C9E01C53B9E0004B4D7B /* Photo Album */,
				6420C9DF1C53B9C0004B4D7B /* Travel Locations Map */,
			);
			name = UI;
			sourceTree = "<group>";
		};
		6420C9DD1C53B8C7004B4D7B /* Models */ = {
			isa = PBXGroup;
			children = (
			);
			name = Models;
			sourceTree = "<group>";
		};
		6420C9DE1C53B8CF004B4D7B /* Managers */ = {
			isa = PBXGroup;
			children = (
			);
			name = Managers;
			sourceTree = "<group>";
		};
		6420C9DF1C53B9C0004B4D7B /* Travel Locations Map */ = {
			isa = PBXGroup;
			children = (
				6420C9E51C53BB0C004B4D7B /* Contracts */,
				6420C9C91C53B36A004B4D7B /* TravelLocationsMapViewController.swift */,
				6420C9E91C53BB69004B4D7B /* TravelLocationsMapPresenter.swift */,
			);
			name = "Travel Locations Map";
			sourceTree = "<group>";
		};
		6420C9E01C53B9E0004B4D7B /* Photo Album */ = {
			isa = PBXGroup;
			children = (
				6420C9E61C53BB13004B4D7B /* Contracts */,
				6420C9E11C53B9F7004B4D7B /* PhotoAlbumViewController.swift */,
				6420C9EF1C53BBC7004B4D7B /* PhotoAlbumPresenter.swift */,
			);
			name = "Photo Album";
			sourceTree = "<group>";
		};
		6420C9E51C53BB0C004B4D7B /* Contracts */ = {
			isa = PBXGroup;
			children = (
				6420C9E31C53BB06004B4D7B /* TravelLocationsMapContractView.swift */,
				6420C9E71C53BB45004B4D7B /* TravelLocationsMapContractPresenter.swift */,
			);
			name = Contracts;
			sourceTree = "<group>";
		};
		6420C9E61C53BB13004B4D7B /* Contracts */ = {
			isa = PBXGroup;
			children = (
				6420C9EB1C53BB9F004B4D7B /* PhotoAlbumContractView.swift */,
				6420C9ED1C53BBB6004B4D7B /* PhotoAlbumContractPresenter.swift */,
			);
			name = Contracts;
			sourceTree = "<group>";
		};
/* End PBXGroup section */

/* Begin PBXNativeTarget section */
		6420C9C31C53B36A004B4D7B /* Virtual Tourist */ = {
			isa = PBXNativeTarget;
			buildConfigurationList = 6420C9D91C53B36A004B4D7B /* Build configuration list for PBXNativeTarget "Virtual Tourist" */;
			buildPhases = (
				6420C9C01C53B36A004B4D7B /* Sources */,
				6420C9C11C53B36A004B4D7B /* Frameworks */,
				6420C9C21C53B36A004B4D7B /* Resources */,
			);
			buildRules = (
			);
			dependencies = (
			);
			name = "Virtual Tourist";
			productName = "Virtual Tourist";
			productReference = 6420C9C41C53B36A004B4D7B /* Virtual Tourist.app */;
			productType = "com.apple.product-type.application";
		};
/* End PBXNativeTarget section */

/* Begin PBXProject section */
		6420C9BC1C53B36A004B4D7B /* Project object */ = {
			isa = PBXProject;
			attributes = {
				LastSwiftUpdateCheck = 0720;
				LastUpgradeCheck = 0720;
				ORGANIZATIONNAME = "Daniele Vitali";
				TargetAttributes = {
					6420C9C31C53B36A004B4D7B = {
						CreatedOnToolsVersion = 7.2;
						DevelopmentTeam = ZY92M8YX79;
					};
				};
			};
			buildConfigurationList = 6420C9BF1C53B36A004B4D7B /* Build configuration list for PBXProject "Virtual Tourist" */;
			compatibilityVersion = "Xcode 3.2";
			developmentRegion = English;
			hasScannedForEncodings = 0;
			knownRegions = (
				en,
				Base,
			);
			mainGroup = 6420C9BB1C53B36A004B4D7B;
			productRefGroup = 6420C9C51C53B36A004B4D7B /* Products */;
			projectDirPath = "";
			projectRoot = "";
			targets = (
				6420C9C31C53B36A004B4D7B /* Virtual Tourist */,
			);
		};
/* End PBXProject section */

/* Begin PBXResourcesBuildPhase section */
		6420C9C21C53B36A004B4D7B /* Resources */ = {
			isa = PBXResourcesBuildPhase;
			buildActionMask = 2147483647;
			files = (
				6420C9D51C53B36A004B4D7B /* LaunchScreen.storyboard in Resources */,
				6420C9D21C53B36A004B4D7B /* Assets.xcassets in Resources */,
				6420C9CD1C53B36A004B4D7B /* Main.storyboard in Resources */,
			);
			runOnlyForDeploymentPostprocessing = 0;
		};
/* End PBXResourcesBuildPhase section */

/* Begin PBXSourcesBuildPhase section */
		6420C9C01C53B36A004B4D7B /* Sources */ = {
			isa = PBXSourcesBuildPhase;
			buildActionMask = 2147483647;
			files = (
				6420C9EE1C53BBB6004B4D7B /* PhotoAlbumContractPresenter.swift in Sources */,
				6420C9EA1C53BB69004B4D7B /* TravelLocationsMapPresenter.swift in Sources */,
				6420C9E81C53BB45004B4D7B /* TravelLocationsMapContractPresenter.swift in Sources */,
				6420C9F01C53BBC7004B4D7B /* PhotoAlbumPresenter.swift in Sources */,
				6420C9E41C53BB06004B4D7B /* TravelLocationsMapContractView.swift in Sources */,
				6420C9EC1C53BB9F004B4D7B /* PhotoAlbumContractView.swift in Sources */,
				6420C9CA1C53B36A004B4D7B /* TravelLocationsMapViewController.swift in Sources */,
				6420C9D01C53B36A004B4D7B /* Virtual_Tourist.xcdatamodeld in Sources */,
				6420C9C81C53B36A004B4D7B /* AppDelegate.swift in Sources */,
				6420C9E21C53B9F7004B4D7B /* PhotoAlbumViewController.swift in Sources */,
			);
			runOnlyForDeploymentPostprocessing = 0;
		};
/* End PBXSourcesBuildPhase section */

/* Begin PBXVariantGroup section */
		6420C9CB1C53B36A004B4D7B /* Main.storyboard */ = {
			isa = PBXVariantGroup;
			children = (
				6420C9CC1C53B36A004B4D7B /* Base */,
			);
			name = Main.storyboard;
			sourceTree = "<group>";
		};
		6420C9D31C53B36A004B4D7B /* LaunchScreen.storyboard */ = {
			isa = PBXVariantGroup;
			children = (
				6420C9D41C53B36A004B4D7B /* Base */,
			);
			name = LaunchScreen.storyboard;
			sourceTree = "<group>";
		};
/* End PBXVariantGroup section */

/* Begin XCBuildConfiguration section */
		6420C9D71C53B36A004B4D7B /* Debug */ = {
			isa = XCBuildConfiguration;
			buildSettings = {
				ALWAYS_SEARCH_USER_PATHS = NO;
				CLANG_CXX_LANGUAGE_STANDARD = "gnu++0x";
				CLANG_CXX_LIBRARY = "libc++";
				CLANG_ENABLE_MODULES = YES;
				CLANG_ENABLE_OBJC_ARC = YES;
				CLANG_WARN_BOOL_CONVERSION = YES;
				CLANG_WARN_CONSTANT_CONVERSION = YES;
				CLANG_WARN_DIRECT_OBJC_ISA_USAGE = YES_ERROR;
				CLANG_WARN_EMPTY_BODY = YES;
				CLANG_WARN_ENUM_CONVERSION = YES;
				CLANG_WARN_INT_CONVERSION = YES;
				CLANG_WARN_OBJC_ROOT_CLASS = YES_ERROR;
				CLANG_WARN_UNREACHABLE_CODE = YES;
				CLANG_WARN__DUPLICATE_METHOD_MATCH = YES;
				"CODE_SIGN_IDENTITY[sdk=iphoneos*]" = "iPhone Developer";
				COPY_PHASE_STRIP = NO;
				DEBUG_INFORMATION_FORMAT = dwarf;
				ENABLE_STRICT_OBJC_MSGSEND = YES;
				ENABLE_TESTABILITY = YES;
				GCC_C_LANGUAGE_STANDARD = gnu99;
				GCC_DYNAMIC_NO_PIC = NO;
				GCC_NO_COMMON_BLOCKS = YES;
				GCC_OPTIMIZATION_LEVEL = 0;
				GCC_PREPROCESSOR_DEFINITIONS = (
					"DEBUG=1",
					"$(inherited)",
				);
				GCC_WARN_64_TO_32_BIT_CONVERSION = YES;
				GCC_WARN_ABOUT_RETURN_TYPE = YES_ERROR;
				GCC_WARN_UNDECLARED_SELECTOR = YES;
				GCC_WARN_UNINITIALIZED_AUTOS = YES_AGGRESSIVE;
				GCC_WARN_UNUSED_FUNCTION = YES;
				GCC_WARN_UNUSED_VARIABLE = YES;
				IPHONEOS_DEPLOYMENT_TARGET = 9.2;
				MTL_ENABLE_DEBUG_INFO = YES;
				ONLY_ACTIVE_ARCH = YES;
				SDKROOT = iphoneos;
				SWIFT_OPTIMIZATION_LEVEL = "-Onone";
			};
			name = Debug;
		};
		6420C9D81C53B36A004B4D7B /* Release */ = {
			isa = XCBuildConfiguration;
			buildSettings = {
				ALWAYS_SEARCH_USER_PATHS = NO;
				CLANG_CXX_LANGUAGE_STANDARD = "gnu++0x";
				CLANG_CXX_LIBRARY = "libc++";
				CLANG_ENABLE_MODULES = YES;
				CLANG_ENABLE_OBJC_ARC = YES;
				CLANG_WARN_BOOL_CONVERSION = YES;
				CLANG_WARN_CONSTANT_CONVERSION = YES;
				CLANG_WARN_DIRECT_OBJC_ISA_USAGE = YES_ERROR;
				CLANG_WARN_EMPTY_BODY = YES;
				CLANG_WARN_ENUM_CONVERSION = YES;
				CLANG_WARN_INT_CONVERSION = YES;
				CLANG_WARN_OBJC_ROOT_CLASS = YES_ERROR;
				CLANG_WARN_UNREACHABLE_CODE = YES;
				CLANG_WARN__DUPLICATE_METHOD_MATCH = YES;
				"CODE_SIGN_IDENTITY[sdk=iphoneos*]" = "iPhone Developer";
				COPY_PHASE_STRIP = NO;
				DEBUG_INFORMATION_FORMAT = "dwarf-with-dsym";
				ENABLE_NS_ASSERTIONS = NO;
				ENABLE_STRICT_OBJC_MSGSEND = YES;
				GCC_C_LANGUAGE_STANDARD = gnu99;
				GCC_NO_COMMON_BLOCKS = YES;
				GCC_WARN_64_TO_32_BIT_CONVERSION = YES;
				GCC_WARN_ABOUT_RETURN_TYPE = YES_ERROR;
				GCC_WARN_UNDECLARED_SELECTOR = YES;
				GCC_WARN_UNINITIALIZED_AUTOS = YES_AGGRESSIVE;
				GCC_WARN_UNUSED_FUNCTION = YES;
				GCC_WARN_UNUSED_VARIABLE = YES;
				IPHONEOS_DEPLOYMENT_TARGET = 9.2;
				MTL_ENABLE_DEBUG_INFO = NO;
				SDKROOT = iphoneos;
				VALIDATE_PRODUCT = YES;
			};
			name = Release;
		};
		6420C9DA1C53B36A004B4D7B /* Debug */ = {
			isa = XCBuildConfiguration;
			buildSettings = {
				ASSETCATALOG_COMPILER_APPICON_NAME = AppIcon;
				INFOPLIST_FILE = "Virtual Tourist/Info.plist";
				LD_RUNPATH_SEARCH_PATHS = "$(inherited) @executable_path/Frameworks";
				PRODUCT_BUNDLE_IDENTIFIER = "danielevitali.Virtual-Tourist";
				PRODUCT_NAME = "$(TARGET_NAME)";
			};
			name = Debug;
		};
		6420C9DB1C53B36A004B4D7B /* Release */ = {
			isa = XCBuildConfiguration;
			buildSettings = {
				ASSETCATALOG_COMPILER_APPICON_NAME = AppIcon;
				INFOPLIST_FILE = "Virtual Tourist/Info.plist";
				LD_RUNPATH_SEARCH_PATHS = "$(inherited) @executable_path/Frameworks";
				PRODUCT_BUNDLE_IDENTIFIER = "danielevitali.Virtual-Tourist";
				PRODUCT_NAME = "$(TARGET_NAME)";
			};
			name = Release;
		};
/* End XCBuildConfiguration section */

/* Begin XCConfigurationList section */
		6420C9BF1C53B36A004B4D7B /* Build configuration list for PBXProject "Virtual Tourist" */ = {
			isa = XCConfigurationList;
			buildConfigurations = (
				6420C9D71C53B36A004B4D7B /* Debug */,
				6420C9D81C53B36A004B4D7B /* Release */,
			);
			defaultConfigurationIsVisible = 0;
			defaultConfigurationName = Release;
		};
		6420C9D91C53B36A004B4D7B /* Build configuration list for PBXNativeTarget "Virtual Tourist" */ = {
			isa = XCConfigurationList;
			buildConfigurations = (
				6420C9DA1C53B36A004B4D7B /* Debug */,
				6420C9DB1C53B36A004B4D7B /* Release */,
			);
			defaultConfigurationIsVisible = 0;
		};
/* End XCConfigurationList section */

/* Begin XCVersionGroup section */
		6420C9CE1C53B36A004B4D7B /* Virtual_Tourist.xcdatamodeld */ = {
			isa = XCVersionGroup;
			children = (
				6420C9CF1C53B36A004B4D7B /* Virtual_Tourist.xcdatamodel */,
			);
			currentVersion = 6420C9CF1C53B36A004B4D7B /* Virtual_Tourist.xcdatamodel */;
			path = Virtual_Tourist.xcdatamodeld;
			sourceTree = "<group>";
			versionGroupType = wrapper.xcdatamodel;
		};
/* End XCVersionGroup section */
	};
	rootObject = 6420C9BC1C53B36A004B4D7B /* Project object */;
}
